
Microsoft Visual Studio Solution File, Format Version 12.00
# Visual Studio Version 16
VisualStudioVersion = 16.0.30320.27
MinimumVisualStudioVersion = 10.0.40219.1
Project("{FAE04EC0-301F-11D3-BF4B-00C04F79EFBC}") = "lab2", "lab2\lab2.csproj", "{9FAEC03C-D8E8-4A89-BDAD-0F1B83BC6ABA}"
EndProject
Global
	GlobalSection(SolutionConfigurationPlatforms) = preSolution
		Debug|Any CPU = Debug|Any CPU
		Release|Any CPU = Release|Any CPU
	EndGlobalSection
	GlobalSection(ProjectConfigurationPlatforms) = postSolution
		{9FAEC03C-D8E8-4A89-BDAD-0F1B83BC6ABA}.Debug|Any CPU.ActiveCfg = Debug|Any CPU
		{9FAEC03C-D8E8-4A89-BDAD-0F1B83BC6ABA}.Debug|Any CPU.Build.0 = Debug|Any CPU
		{9FAEC03C-D8E8-4A89-BDAD-0F1B83BC6ABA}.Release|Any CPU.ActiveCfg = Release|Any CPU
		{9FAEC03C-D8E8-4A89-BDAD-0F1B83BC6ABA}.Release|Any CPU.Build.0 = Release|Any CPU
	EndGlobalSection
	GlobalSection(SolutionProperties) = preSolution
		HideSolutionNode = FALSE
	EndGlobalSection
	GlobalSection(ExtensibilityGlobals) = postSolution
		SolutionGuid = {7DCC32F3-E813-4BA6-ABB5-F0A2DCB0D191}
	EndGlobalSection
EndGlobal
